// !$*UTF8*$!
{
	archiveVersion = 1;
	classes = {
	};
	objectVersion = 48;
	objects = {

/* Begin PBXBuildFile section */
		61358E031FDE6E9B000F145A /* main.m in Sources */ = {isa = PBXBuildFile; fileRef = 61358E021FDE6E9B000F145A /* main.m */; };
		61358E0B1FDE73E2000F145A /* Person.m in Sources */ = {isa = PBXBuildFile; fileRef = 61358E0A1FDE73E2000F145A /* Person.m */; };
		61358E0E1FDE7835000F145A /* NSObject+NSObject.m in Sources */ = {isa = PBXBuildFile; fileRef = 61358E0D1FDE7835000F145A /* NSObject+NSObject.m */; };
		617CAF101FDFA2A5007D8C27 /* Dog.m in Sources */ = {isa = PBXBuildFile; fileRef = 617CAF0F1FDFA2A5007D8C27 /* Dog.m */; };
		617CAF131FDFA30B007D8C27 /* Book.m in Sources */ = {isa = PBXBuildFile; fileRef = 617CAF121FDFA30B007D8C27 /* Book.m */; };
		617CAF161FDFA9E8007D8C27 /* People.m in Sources */ = {isa = PBXBuildFile; fileRef = 617CAF151FDFA9E8007D8C27 /* People.m */; };
		617CAF191FDFAEAF007D8C27 /* NSObject+JSONExtention.m in Sources */ = {isa = PBXBuildFile; fileRef = 617CAF181FDFAEAF007D8C27 /* NSObject+JSONExtention.m */; };
/* End PBXBuildFile section */

/* Begin PBXCopyFilesBuildPhase section */
		61358DFD1FDE6E9B000F145A /* CopyFiles */ = {
			isa = PBXCopyFilesBuildPhase;
			buildActionMask = 2147483647;
			dstPath = /usr/share/man/man1/;
			dstSubfolderSpec = 0;
			files = (
			);
			runOnlyForDeploymentPostprocessing = 1;
		};
/* End PBXCopyFilesBuildPhase section */

/* Begin PBXFileReference section */
		61358DFF1FDE6E9B000F145A /* runtime */ = {isa = PBXFileReference; explicitFileType = "compiled.mach-o.executable"; includeInIndex = 0; path = runtime; sourceTree = BUILT_PRODUCTS_DIR; };
		61358E021FDE6E9B000F145A /* main.m */ = {isa = PBXFileReference; lastKnownFileType = sourcecode.c.objc; path = main.m; sourceTree = "<group>"; };
		61358E091FDE73E2000F145A /* Person.h */ = {isa = PBXFileReference; lastKnownFileType = sourcecode.c.h; path = Person.h; sourceTree = "<group>"; };
		61358E0A1FDE73E2000F145A /* Person.m */ = {isa = PBXFileReference; lastKnownFileType = sourcecode.c.objc; path = Person.m; sourceTree = "<group>"; };
		61358E0C1FDE7835000F145A /* NSObject+NSObject.h */ = {isa = PBXFileReference; lastKnownFileType = sourcecode.c.h; path = "NSObject+NSObject.h"; sourceTree = "<group>"; };
		61358E0D1FDE7835000F145A /* NSObject+NSObject.m */ = {isa = PBXFileReference; lastKnownFileType = sourcecode.c.objc; path = "NSObject+NSObject.m"; sourceTree = "<group>"; };
		617CAF0E1FDFA2A5007D8C27 /* Dog.h */ = {isa = PBXFileReference; lastKnownFileType = sourcecode.c.h; path = Dog.h; sourceTree = "<group>"; };
		617CAF0F1FDFA2A5007D8C27 /* Dog.m */ = {isa = PBXFileReference; lastKnownFileType = sourcecode.c.objc; path = Dog.m; sourceTree = "<group>"; };
		617CAF111FDFA30B007D8C27 /* Book.h */ = {isa = PBXFileReference; lastKnownFileType = sourcecode.c.h; path = Book.h; sourceTree = "<group>"; };
		617CAF121FDFA30B007D8C27 /* Book.m */ = {isa = PBXFileReference; lastKnownFileType = sourcecode.c.objc; path = Book.m; sourceTree = "<group>"; };
		617CAF141FDFA9E8007D8C27 /* People.h */ = {isa = PBXFileReference; lastKnownFileType = sourcecode.c.h; path = People.h; sourceTree = "<group>"; };
		617CAF151FDFA9E8007D8C27 /* People.m */ = {isa = PBXFileReference; lastKnownFileType = sourcecode.c.objc; path = People.m; sourceTree = "<group>"; };
		617CAF171FDFAEAF007D8C27 /* NSObject+JSONExtention.h */ = {isa = PBXFileReference; lastKnownFileType = sourcecode.c.h; path = "NSObject+JSONExtention.h"; sourceTree = "<group>"; };
		617CAF181FDFAEAF007D8C27 /* NSObject+JSONExtention.m */ = {isa = PBXFileReference; lastKnownFileType = sourcecode.c.objc; path = "NSObject+JSONExtention.m"; sourceTree = "<group>"; };
/* End PBXFileReference section */

/* Begin PBXFrameworksBuildPhase section */
		61358DFC1FDE6E9B000F145A /* Frameworks */ = {
			isa = PBXFrameworksBuildPhase;
			buildActionMask = 2147483647;
			files = (
			);
			runOnlyForDeploymentPostprocessing = 0;
		};
/* End PBXFrameworksBuildPhase section */

/* Begin PBXGroup section */
		61358DF61FDE6E9B000F145A = {
			isa = PBXGroup;
			children = (
				61358E011FDE6E9B000F145A /* runtime */,
				61358E001FDE6E9B000F145A /* Products */,
			);
			sourceTree = "<group>";
		};
		61358E001FDE6E9B000F145A /* Products */ = {
			isa = PBXGroup;
			children = (
				61358DFF1FDE6E9B000F145A /* runtime */,
			);
			name = Products;
			sourceTree = "<group>";
		};
		61358E011FDE6E9B000F145A /* runtime */ = {
			isa = PBXGroup;
			children = (
				61358E021FDE6E9B000F145A /* main.m */,
				617CAF141FDFA9E8007D8C27 /* People.h */,
				617CAF151FDFA9E8007D8C27 /* People.m */,
				61358E091FDE73E2000F145A /* Person.h */,
				61358E0A1FDE73E2000F145A /* Person.m */,
				617CAF0E1FDFA2A5007D8C27 /* Dog.h */,
				617CAF0F1FDFA2A5007D8C27 /* Dog.m */,
				617CAF111FDFA30B007D8C27 /* Book.h */,
				617CAF121FDFA30B007D8C27 /* Book.m */,
				617CAF171FDFAEAF007D8C27 /* NSObject+JSONExtention.h */,
				617CAF181FDFAEAF007D8C27 /* NSObject+JSONExtention.m */,
				61358E0C1FDE7835000F145A /* NSObject+NSObject.h */,
				61358E0D1FDE7835000F145A /* NSObject+NSObject.m */,
			);
			path = runtime;
			sourceTree = "<group>";
		};
/* End PBXGroup section */

/* Begin PBXNativeTarget section */
		61358DFE1FDE6E9B000F145A /* runtime */ = {
			isa = PBXNativeTarget;
			buildConfigurationList = 61358E061FDE6E9B000F145A /* Build configuration list for PBXNativeTarget "runtime" */;
			buildPhases = (
				61358DFB1FDE6E9B000F145A /* Sources */,
				61358DFC1FDE6E9B000F145A /* Frameworks */,
				61358DFD1FDE6E9B000F145A /* CopyFiles */,
			);
			buildRules = (
			);
			dependencies = (
			);
			name = runtime;
			productName = runtime;
			productReference = 61358DFF1FDE6E9B000F145A /* runtime */;
			productType = "com.apple.product-type.tool";
		};
/* End PBXNativeTarget section */

/* Begin PBXProject section */
		61358DF71FDE6E9B000F145A /* Project object */ = {
			isa = PBXProject;
			attributes = {
				LastUpgradeCheck = 0910;
				ORGANIZATIONNAME = "张豪";
				TargetAttributes = {
					61358DFE1FDE6E9B000F145A = {
						CreatedOnToolsVersion = 9.1;
						ProvisioningStyle = Automatic;
					};
				};
			};
			buildConfigurationList = 61358DFA1FDE6E9B000F145A /* Build configuration list for PBXProject "runtime" */;
			compatibilityVersion = "Xcode 8.0";
			developmentRegion = en;
			hasScannedForEncodings = 0;
			knownRegions = (
				en,
			);
			mainGroup = 61358DF61FDE6E9B000F145A;
			productRefGroup = 61358E001FDE6E9B000F145A /* Products */;
			projectDirPath = "";
			projectRoot = "";
			targets = (
				61358DFE1FDE6E9B000F145A /* runtime */,
			);
		};
/* End PBXProject section */

/* Begin PBXSourcesBuildPhase section */
		61358DFB1FDE6E9B000F145A /* Sources */ = {
			isa = PBXSourcesBuildPhase;
			buildActionMask = 2147483647;
			files = (
				617CAF161FDFA9E8007D8C27 /* People.m in Sources */,
				617CAF131FDFA30B007D8C27 /* Book.m in Sources */,
				61358E0E1FDE7835000F145A /* NSObject+NSObject.m in Sources */,
				61358E0B1FDE73E2000F145A /* Person.m in Sources */,
				617CAF191FDFAEAF007D8C27 /* NSObject+JSONExtention.m in Sources */,
				617CAF101FDFA2A5007D8C27 /* Dog.m in Sources */,
				61358E031FDE6E9B000F145A /* main.m in Sources */,
			);
			runOnlyForDeploymentPostprocessing = 0;
		};
/* End PBXSourcesBuildPhase section */

/* Begin XCBuildConfiguration section */
		61358E041FDE6E9B000F145A /* Debug */ = {
			isa = XCBuildConfiguration;
			buildSettings = {
				ALWAYS_SEARCH_USER_PATHS = NO;
				CLANG_ANALYZER_NONNULL = YES;
				CLANG_ANALYZER_NUMBER_OBJECT_CONVERSION = YES_AGGRESSIVE;
				CLANG_CXX_LANGUAGE_STANDARD = "gnu++14";
				CLANG_CXX_LIBRARY = "libc++";
				CLANG_ENABLE_MODULES = YES;
				CLANG_ENABLE_OBJC_ARC = YES;
				CLANG_WARN_BLOCK_CAPTURE_AUTORELEASING = YES;
				CLANG_WARN_BOOL_CONVERSION = YES;
				CLANG_WARN_COMMA = YES;
				CLANG_WARN_CONSTANT_CONVERSION = YES;
				CLANG_WARN_DIRECT_OBJC_ISA_USAGE = YES_ERROR;
				CLANG_WARN_DOCUMENTATION_COMMENTS = YES;
				CLANG_WARN_EMPTY_BODY = YES;
				CLANG_WARN_ENUM_CONVERSION = YES;
				CLANG_WARN_INFINITE_RECURSION = YES;
				CLANG_WARN_INT_CONVERSION = YES;
				CLANG_WARN_NON_LITERAL_NULL_CONVERSION = YES;
				CLANG_WARN_OBJC_LITERAL_CONVERSION = YES;
				CLANG_WARN_OBJC_ROOT_CLASS = YES_ERROR;
				CLANG_WARN_RANGE_LOOP_ANALYSIS = YES;
				CLANG_WARN_STRICT_PROTOTYPES = YES;
				CLANG_WARN_SUSPICIOUS_MOVE = YES;
				CLANG_WARN_UNGUARDED_AVAILABILITY = YES_AGGRESSIVE;
				CLANG_WARN_UNREACHABLE_CODE = YES;
				CLANG_WARN__DUPLICATE_METHOD_MATCH = YES;
				CODE_SIGN_IDENTITY = "-";
				COPY_PHASE_STRIP = NO;
				DEBUG_INFORMATION_FORMAT = dwarf;
				ENABLE_STRICT_OBJC_MSGSEND = YES;
				ENABLE_TESTABILITY = YES;
				GCC_C_LANGUAGE_STANDARD = gnu11;
				GCC_DYNAMIC_NO_PIC = NO;
				GCC_NO_COMMON_BLOCKS = YES;
				GCC_OPTIMIZATION_LEVEL = 0;
				GCC_PREPROCESSOR_DEFINITIONS = (
					"DEBUG=1",
					"$(inherited)",
				);
				GCC_WARN_64_TO_32_BIT_CONVERSION = YES;
				GCC_WARN_ABOUT_RETURN_TYPE = YES_ERROR;
				GCC_WARN_UNDECLARED_SELECTOR = YES;
				GCC_WARN_UNINITIALIZED_AUTOS = YES_AGGRESSIVE;
				GCC_WARN_UNUSED_FUNCTION = YES;
				GCC_WARN_UNUSED_VARIABLE = YES;
				MACOSX_DEPLOYMENT_TARGET = 10.13;
				MTL_ENABLE_DEBUG_INFO = YES;
				ONLY_ACTIVE_ARCH = YES;
				SDKROOT = macosx;
			};
			name = Debug;
		};
		61358E051FDE6E9B000F145A /* Release */ = {
			isa = XCBuildConfiguration;
			buildSettings = {
				ALWAYS_SEARCH_USER_PATHS = NO;
				CLANG_ANALYZER_NONNULL = YES;
				CLANG_ANALYZER_NUMBER_OBJECT_CONVERSION = YES_AGGRESSIVE;
				CLANG_CXX_LANGUAGE_STANDARD = "gnu++14";
				CLANG_CXX_LIBRARY = "libc++";
				CLANG_ENABLE_MODULES = YES;
				CLANG_ENABLE_OBJC_ARC = YES;
				CLANG_WARN_BLOCK_CAPTURE_AUTORELEASING = YES;
				CLANG_WARN_BOOL_CONVERSION = YES;
				CLANG_WARN_COMMA = YES;
				CLANG_WARN_CONSTANT_CONVERSION = YES;
				CLANG_WARN_DIRECT_OBJC_ISA_USAGE = YES_ERROR;
				CLANG_WARN_DOCUMENTATION_COMMENTS = YES;
				CLANG_WARN_EMPTY_BODY = YES;
				CLANG_WARN_ENUM_CONVERSION = YES;
				CLANG_WARN_INFINITE_RECURSION = YES;
				CLANG_WARN_INT_CONVERSION = YES;
				CLANG_WARN_NON_LITERAL_NULL_CONVERSION = YES;
				CLANG_WARN_OBJC_LITERAL_CONVERSION = YES;
				CLANG_WARN_OBJC_ROOT_CLASS = YES_ERROR;
				CLANG_WARN_RANGE_LOOP_ANALYSIS = YES;
				CLANG_WARN_STRICT_PROTOTYPES = YES;
				CLANG_WARN_SUSPICIOUS_MOVE = YES;
				CLANG_WARN_UNGUARDED_AVAILABILITY = YES_AGGRESSIVE;
				CLANG_WARN_UNREACHABLE_CODE = YES;
				CLANG_WARN__DUPLICATE_METHOD_MATCH = YES;
				CODE_SIGN_IDENTITY = "-";
				COPY_PHASE_STRIP = NO;
				DEBUG_INFORMATION_FORMAT = "dwarf-with-dsym";
				ENABLE_NS_ASSERTIONS = NO;
				ENABLE_STRICT_OBJC_MSGSEND = YES;
				GCC_C_LANGUAGE_STANDARD = gnu11;
				GCC_NO_COMMON_BLOCKS = YES;
				GCC_WARN_64_TO_32_BIT_CONVERSION = YES;
				GCC_WARN_ABOUT_RETURN_TYPE = YES_ERROR;
				GCC_WARN_UNDECLARED_SELECTOR = YES;
				GCC_WARN_UNINITIALIZED_AUTOS = YES_AGGRESSIVE;
				GCC_WARN_UNUSED_FUNCTION = YES;
				GCC_WARN_UNUSED_VARIABLE = YES;
				MACOSX_DEPLOYMENT_TARGET = 10.13;
				MTL_ENABLE_DEBUG_INFO = NO;
				SDKROOT = macosx;
			};
			name = Release;
		};
		61358E071FDE6E9B000F145A /* Debug */ = {
			isa = XCBuildConfiguration;
			buildSettings = {
				CODE_SIGN_STYLE = Automatic;
				PRODUCT_NAME = "$(TARGET_NAME)";
			};
			name = Debug;
		};
		61358E081FDE6E9B000F145A /* Release */ = {
			isa = XCBuildConfiguration;
			buildSettings = {
				CODE_SIGN_STYLE = Automatic;
				PRODUCT_NAME = "$(TARGET_NAME)";
			};
			name = Release;
		};
/* End XCBuildConfiguration section */

/* Begin XCConfigurationList section */
		61358DFA1FDE6E9B000F145A /* Build configuration list for PBXProject "runtime" */ = {
			isa = XCConfigurationList;
			buildConfigurations = (
				61358E041FDE6E9B000F145A /* Debug */,
				61358E051FDE6E9B000F145A /* Release */,
			);
			defaultConfigurationIsVisible = 0;
			defaultConfigurationName = Release;
		};
		61358E061FDE6E9B000F145A /* Build configuration list for PBXNativeTarget "runtime" */ = {
			isa = XCConfigurationList;
			buildConfigurations = (
				61358E071FDE6E9B000F145A /* Debug */,
				61358E081FDE6E9B000F145A /* Release */,
			);
			defaultConfigurationIsVisible = 0;
			defaultConfigurationName = Release;
		};
/* End XCConfigurationList section */
	};
	rootObject = 61358DF71FDE6E9B000F145A /* Project object */;
}
